
Microsoft Visual Studio Solution File, Format Version 12.00
# Visual Studio 2013
VisualStudioVersion = 12.0.31101.0
MinimumVisualStudioVersion = 10.0.40219.1
Project("{8BC9CEB8-8B4A-11D0-8D11-00A0C91BC942}") = "DataBindingSample", "DataBindingSample\DataBindingSample.vcxproj", "{BCE13AF0-91E8-4B3F-A339-19961C7A3ACB}"
EndProject
Project("{FAE04EC0-301F-11D3-BF4B-00C04F79EFBC}") = "DataBindingSampleCSharp", "DataBindingSampleCSharp\DataBindingSampleCSharp.csproj", "{19BB73D9-49E8-42A6-8010-ADA050329098}"
EndProject
Global
	GlobalSection(SolutionConfigurationPlatforms) = preSolution
		Debug|Any CPU = Debug|Any CPU
		Debug|ARM = Debug|ARM
		Debug|Mixed Platforms = Debug|Mixed Platforms
		Debug|Win32 = Debug|Win32
		Debug|x64 = Debug|x64
		Debug|x86 = Debug|x86
		Release|Any CPU = Release|Any CPU
		Release|ARM = Release|ARM
		Release|Mixed Platforms = Release|Mixed Platforms
		Release|Win32 = Release|Win32
		Release|x64 = Release|x64
		Release|x86 = Release|x86
	EndGlobalSection
	GlobalSection(ProjectConfigurationPlatforms) = postSolution
		{BCE13AF0-91E8-4B3F-A339-19961C7A3ACB}.Debug|Any CPU.ActiveCfg = Debug|Win32
		{BCE13AF0-91E8-4B3F-A339-19961C7A3ACB}.Debug|ARM.ActiveCfg = Debug|ARM
		{BCE13AF0-91E8-4B3F-A339-19961C7A3ACB}.Debug|ARM.Build.0 = Debug|ARM
		{BCE13AF0-91E8-4B3F-A339-19961C7A3ACB}.Debug|ARM.Deploy.0 = Debug|ARM
		{BCE13AF0-91E8-4B3F-A339-19961C7A3ACB}.Debug|Mixed Platforms.ActiveCfg = Debug|Win32
		{BCE13AF0-91E8-4B3F-A339-19961C7A3ACB}.Debug|Mixed Platforms.Build.0 = Debug|Win32
		{BCE13AF0-91E8-4B3F-A339-19961C7A3ACB}.Debug|Mixed Platforms.Deploy.0 = Debug|Win32
		{BCE13AF0-91E8-4B3F-A339-19961C7A3ACB}.Debug|Win32.ActiveCfg = Debug|Win32
		{BCE13AF0-91E8-4B3F-A339-19961C7A3ACB}.Debug|Win32.Build.0 = Debug|Win32
		{BCE13AF0-91E8-4B3F-A339-19961C7A3ACB}.Debug|Win32.Deploy.0 = Debug|Win32
		{BCE13AF0-91E8-4B3F-A339-19961C7A3ACB}.Debug|x64.ActiveCfg = Debug|x64
		{BCE13AF0-91E8-4B3F-A339-19961C7A3ACB}.Debug|x64.Build.0 = Debug|x64
		{BCE13AF0-91E8-4B3F-A339-19961C7A3ACB}.Debug|x64.Deploy.0 = Debug|x64
		{BCE13AF0-91E8-4B3F-A339-19961C7A3ACB}.Debug|x86.ActiveCfg = Debug|Win32
		{BCE13AF0-91E8-4B3F-A339-19961C7A3ACB}.Debug|x86.Build.0 = Debug|Win32
		{BCE13AF0-91E8-4B3F-A339-19961C7A3ACB}.Debug|x86.Deploy.0 = Debug|Win32
		{BCE13AF0-91E8-4B3F-A339-19961C7A3ACB}.Release|Any CPU.ActiveCfg = Release|Win32
		{BCE13AF0-91E8-4B3F-A339-19961C7A3ACB}.Release|ARM.ActiveCfg = Release|ARM
		{BCE13AF0-91E8-4B3F-A339-19961C7A3ACB}.Release|ARM.Build.0 = Release|ARM
		{BCE13AF0-91E8-4B3F-A339-19961C7A3ACB}.Release|ARM.Deploy.0 = Release|ARM
		{BCE13AF0-91E8-4B3F-A339-19961C7A3ACB}.Release|Mixed Platforms.ActiveCfg = Release|Win32
		{BCE13AF0-91E8-4B3F-A339-19961C7A3ACB}.Release|Mixed Platforms.Build.0 = Release|Win32
		{BCE13AF0-91E8-4B3F-A339-19961C7A3ACB}.Release|Mixed Platforms.Deploy.0 = Release|Win32
		{BCE13AF0-91E8-4B3F-A339-19961C7A3ACB}.Release|Win32.ActiveCfg = Release|Win32
		{BCE13AF0-91E8-4B3F-A339-19961C7A3ACB}.Release|Win32.Build.0 = Release|Win32
		{BCE13AF0-91E8-4B3F-A339-19961C7A3ACB}.Release|Win32.Deploy.0 = Release|Win32
		{BCE13AF0-91E8-4B3F-A339-19961C7A3ACB}.Release|x64.ActiveCfg = Release|x64
		{BCE13AF0-91E8-4B3F-A339-19961C7A3ACB}.Release|x64.Build.0 = Release|x64
		{BCE13AF0-91E8-4B3F-A339-19961C7A3ACB}.Release|x64.Deploy.0 = Release|x64
		{BCE13AF0-91E8-4B3F-A339-19961C7A3ACB}.Release|x86.ActiveCfg = Release|Win32
		{BCE13AF0-91E8-4B3F-A339-19961C7A3ACB}.Release|x86.Build.0 = Release|Win32
		{BCE13AF0-91E8-4B3F-A339-19961C7A3ACB}.Release|x86.Deploy.0 = Release|Win32
		{19BB73D9-49E8-42A6-8010-ADA050329098}.Debug|Any CPU.ActiveCfg = Debug|Any CPU
		{19BB73D9-49E8-42A6-8010-ADA050329098}.Debug|Any CPU.Build.0 = Debug|Any CPU
		{19BB73D9-49E8-42A6-8010-ADA050329098}.Debug|Any CPU.Deploy.0 = Debug|Any CPU
		{19BB73D9-49E8-42A6-8010-ADA050329098}.Debug|ARM.ActiveCfg = Debug|ARM
		{19BB73D9-49E8-42A6-8010-ADA050329098}.Debug|ARM.Build.0 = Debug|ARM
		{19BB73D9-49E8-42A6-8010-ADA050329098}.Debug|ARM.Deploy.0 = Debug|ARM
		{19BB73D9-49E8-42A6-8010-ADA050329098}.Debug|Mixed Platforms.ActiveCfg = Debug|x86
		{19BB73D9-49E8-42A6-8010-ADA050329098}.Debug|Mixed Platforms.Build.0 = Debug|x86
		{19BB73D9-49E8-42A6-8010-ADA050329098}.Debug|Mixed Platforms.Deploy.0 = Debug|x86
		{19BB73D9-49E8-42A6-8010-ADA050329098}.Debug|Win32.ActiveCfg = Debug|x86
		{19BB73D9-49E8-42A6-8010-ADA050329098}.Debug|Win32.Build.0 = Debug|x86
		{19BB73D9-49E8-42A6-8010-ADA050329098}.Debug|Win32.Deploy.0 = Debug|x86
		{19BB73D9-49E8-42A6-8010-ADA050329098}.Debug|x64.ActiveCfg = Debug|x64
		{19BB73D9-49E8-42A6-8010-ADA050329098}.Debug|x64.Build.0 = Debug|x64
		{19BB73D9-49E8-42A6-8010-ADA050329098}.Debug|x64.Deploy.0 = Debug|x64
		{19BB73D9-49E8-42A6-8010-ADA050329098}.Debug|x86.ActiveCfg = Debug|x86
		{19BB73D9-49E8-42A6-8010-ADA050329098}.Debug|x86.Build.0 = Debug|x86
		{19BB73D9-49E8-42A6-8010-ADA050329098}.Debug|x86.Deploy.0 = Debug|x86
		{19BB73D9-49E8-42A6-8010-ADA050329098}.Release|Any CPU.ActiveCfg = Release|Any CPU
		{19BB73D9-49E8-42A6-8010-ADA050329098}.Release|Any CPU.Build.0 = Release|Any CPU
		{19BB73D9-49E8-42A6-8010-ADA050329098}.Release|Any CPU.Deploy.0 = Release|Any CPU
		{19BB73D9-49E8-42A6-8010-ADA050329098}.Release|ARM.ActiveCfg = Release|ARM
		{19BB73D9-49E8-42A6-8010-ADA050329098}.Release|ARM.Build.0 = Release|ARM
		{19BB73D9-49E8-42A6-8010-ADA050329098}.Release|ARM.Deploy.0 = Release|ARM
		{19BB73D9-49E8-42A6-8010-ADA050329098}.Release|Mixed Platforms.ActiveCfg = Release|x86
		{19BB73D9-49E8-42A6-8010-ADA050329098}.Release|Mixed Platforms.Build.0 = Release|x86
		{19BB73D9-49E8-42A6-8010-ADA050329098}.Release|Mixed Platforms.Deploy.0 = Release|x86
		{19BB73D9-49E8-42A6-8010-ADA050329098}.Release|Win32.ActiveCfg = Release|x86
		{19BB73D9-49E8-42A6-8010-ADA050329098}.Release|Win32.Build.0 = Release|x86
		{19BB73D9-49E8-42A6-8010-ADA050329098}.Release|Win32.Deploy.0 = Release|x86
		{19BB73D9-49E8-42A6-8010-ADA050329098}.Release|x64.ActiveCfg = Release|x64
		{19BB73D9-49E8-42A6-8010-ADA050329098}.Release|x64.Build.0 = Release|x64
		{19BB73D9-49E8-42A6-8010-ADA050329098}.Release|x64.Deploy.0 = Release|x64
		{19BB73D9-49E8-42A6-8010-ADA050329098}.Release|x86.ActiveCfg = Release|x86
		{19BB73D9-49E8-42A6-8010-ADA050329098}.Release|x86.Build.0 = Release|x86
		{19BB73D9-49E8-42A6-8010-ADA050329098}.Release|x86.Deploy.0 = Release|x86
	EndGlobalSection
	GlobalSection(SolutionProperties) = preSolution
		HideSolutionNode = FALSE
	EndGlobalSection
EndGlobal
